uuid: 2334aa59-356a-4214-9cf2-855e5581d69a
langcode: en
status: true
dependencies:
  module:
    - hackdonalds
  theme:
    - bartik
id: hackdonaldsblock
theme: bartik
region: sidebar_first
weight: -8
provider: null
plugin: hackdonalds_block
settings:
  id: hackdonalds_block
  label: 'Hackdonalds block'
  provider: hackdonalds
  label_display: '0'
visibility: {  }
